
Microsoft Visual Studio Solution File, Format Version 12.00
# Visual Studio Version 17
VisualStudioVersion = 17.1.32407.343
MinimumVisualStudioVersion = 10.0.40219.1
Project("{FAE04EC0-301F-11D3-BF4B-00C04F79EFBC}") = "SisCadProdSelecao.Web", "SisCadProdSelecao.Web.csproj", "{139F569D-826B-4466-8367-7D89F5CD8705}"
EndProject
Global
	GlobalSection(SolutionConfigurationPlatforms) = preSolution
		Debug|Any CPU = Debug|Any CPU
		Release|Any CPU = Release|Any CPU
	EndGlobalSection
	GlobalSection(ProjectConfigurationPlatforms) = postSolution
		{139F569D-826B-4466-8367-7D89F5CD8705}.Debug|Any CPU.ActiveCfg = Debug|Any CPU
		{139F569D-826B-4466-8367-7D89F5CD8705}.Debug|Any CPU.Build.0 = Debug|Any CPU
		{139F569D-826B-4466-8367-7D89F5CD8705}.Release|Any CPU.ActiveCfg = Release|Any CPU
		{139F569D-826B-4466-8367-7D89F5CD8705}.Release|Any CPU.Build.0 = Release|Any CPU
	EndGlobalSection
	GlobalSection(SolutionProperties) = preSolution
		HideSolutionNode = FALSE
	EndGlobalSection
	GlobalSection(ExtensibilityGlobals) = postSolution
		SolutionGuid = {E15DBC4D-92E2-48CE-A7FD-E5DF1D58FC4E}
	EndGlobalSection
EndGlobal
